<Solution>
  <Project Path="1/1.csproj" />
  <Project Path="10/10.csproj" Id="27275a96-ed91-4653-8a2f-397f9a679d15" />
  <Project Path="11/11.csproj" Id="0fb68492-c51f-4c44-92b5-e4f3ca1f5e29" />
  <Project Path="12/12.csproj" Id="24d5f667-37b0-40b2-9bb6-cbbdfd97dd0e" />
  <Project Path="13/13.csproj" Id="d38f6f5b-ea69-4e5e-ba42-cbc6dc3d92ab" />
  <Project Path="14/14.csproj" Id="a1ba8138-e637-42c6-af23-21cde631aa66" />
  <Project Path="15/15.csproj" Id="7a87a4eb-83c9-4063-8a1a-aa5c03c2b491" />
  <Project Path="16/16.csproj" Id="77388ff7-0cc0-4067-8e4f-38570cb88d44" />
  <Project Path="17/17.csproj" Id="8ed04f52-48b8-4d08-95b2-0eb34dcc5e33" />
  <Project Path="18/18.csproj" Id="dddb1c30-960a-4cf6-9130-ae28d112d8c2" />
  <Project Path="19/19.csproj" Id="7292c7c8-7079-4c6d-95a5-bbe8bf569aab" />
  <Project Path="2/2.csproj" />
  <Project Path="20/20.csproj" Id="8fefc350-4639-4d78-bd9f-c9262efdd7bb" />
  <Project Path="21/21.csproj" Id="d6cd25d0-21e2-4e3a-bf2f-0f0851818999" />
  <Project Path="22/22.csproj" Id="78e3f956-50a9-4ba7-89c1-a4dc945e07f8" />
  <Project Path="23/23.csproj" Id="d8d23a8f-cf20-4dd6-a594-4e46085a475a" />
  <Project Path="24/24.csproj" Id="10fd3662-20ff-4e01-a7ed-65486259cc14" />
  <Project Path="25/25.csproj" Id="d2ecbe91-e218-4437-b108-8a8e10c17ead" />
  <Project Path="3/3.csproj" />
  <Project Path="4/4.csproj" Id="8acbcd0e-b426-4383-af3c-33684ed6daad" />
  <Project Path="5/5.csproj" Id="50c8c55c-6f43-496e-88d9-7d38c982f11b" />
  <Project Path="6/6.csproj" Id="bcd3842d-c733-4816-b38e-3be4aa60c7d2" />
  <Project Path="7/7.csproj" Id="7b92bd0f-367a-434d-93cf-7dd0d61738cb" />
  <Project Path="8/8.csproj" Id="00f798e5-44d0-44df-bba7-6ba3d44be8f8" />
  <Project Path="9/9.csproj" Id="7aad0913-d96d-4243-aaa7-f93ae58b6825" />
</Solution>
