<Solution>
  <Project Path="1/1.csproj" />
  <Project Path="10/10.csproj" Id="27275a96-ed91-4653-8a2f-397f9a679d15" />
  <Project Path="2/2.csproj" />
  <Project Path="3/3.csproj" />
  <Project Path="4/4.csproj" Id="8acbcd0e-b426-4383-af3c-33684ed6daad" />
  <Project Path="5/5.csproj" Id="50c8c55c-6f43-496e-88d9-7d38c982f11b" />
  <Project Path="6/6.csproj" Id="bcd3842d-c733-4816-b38e-3be4aa60c7d2" />
  <Project Path="7/7.csproj" Id="7b92bd0f-367a-434d-93cf-7dd0d61738cb" />
  <Project Path="8/8.csproj" Id="00f798e5-44d0-44df-bba7-6ba3d44be8f8" />
  <Project Path="9/9.csproj" Id="7aad0913-d96d-4243-aaa7-f93ae58b6825" />
</Solution>
